// !$*UTF8*$!
{
	archiveVersion = 1;
	classes = {
	};
	objectVersion = 50;
	objects = {

/* Begin PBXBuildFile section */
		157FA61674A85B1D22B01A6E /* Pods_TheNoticesGuardianTests.framework in Frameworks */ = {isa = PBXBuildFile; fileRef = 458EC23953E950F8ACEDB91F /* Pods_TheNoticesGuardianTests.framework */; };
		20AEEF645BA6BA953587CAA4 /* Pods_TheNoticesGuardianUITests.framework in Frameworks */ = {isa = PBXBuildFile; fileRef = 8262483E6B0E62CB19EE8152 /* Pods_TheNoticesGuardianUITests.framework */; };
		4991ACB63D7F5C0CF881204D /* Pods_TheNoticesGuardian.framework in Frameworks */ = {isa = PBXBuildFile; fileRef = 3ACF3E86830E9A2F5DB15A16 /* Pods_TheNoticesGuardian.framework */; };
		9A06D7E121558A4400DCD71A /* Notice.swift in Sources */ = {isa = PBXBuildFile; fileRef = 9A06D7E021558A4400DCD71A /* Notice.swift */; };
		9A3137A1215ACB0C00D3770E /* SectionModalTableViewCell.swift in Sources */ = {isa = PBXBuildFile; fileRef = 9A3137A0215ACB0C00D3770E /* SectionModalTableViewCell.swift */; };
		9A3137AD215D516400D3770E /* Extension.swift in Sources */ = {isa = PBXBuildFile; fileRef = 9A3137AC215D516400D3770E /* Extension.swift */; };
		9A3137AF215D51E600D3770E /* Reachability.swift in Sources */ = {isa = PBXBuildFile; fileRef = 9A3137AE215D51E600D3770E /* Reachability.swift */; };
		9A3ACEAD21590DAC00E5004F /* SearchNotice.swift in Sources */ = {isa = PBXBuildFile; fileRef = 9A3ACEAC21590DAC00E5004F /* SearchNotice.swift */; };
		9A3ACEB12159140400E5004F /* SearchResults.swift in Sources */ = {isa = PBXBuildFile; fileRef = 9A3ACEB02159140400E5004F /* SearchResults.swift */; };
		9ACAFD15215AA15E003C0B5F /* SectionModalableViewController.swift in Sources */ = {isa = PBXBuildFile; fileRef = 9ACAFD14215AA15E003C0B5F /* SectionModalableViewController.swift */; };
		9AFD35A821512E0200B3165C /* AppDelegate.swift in Sources */ = {isa = PBXBuildFile; fileRef = 9AFD35A721512E0200B3165C /* AppDelegate.swift */; };
		9AFD35AD21512E0200B3165C /* Main.storyboard in Resources */ = {isa = PBXBuildFile; fileRef = 9AFD35AB21512E0200B3165C /* Main.storyboard */; };
		9AFD35AF21512E0300B3165C /* Assets.xcassets in Resources */ = {isa = PBXBuildFile; fileRef = 9AFD35AE21512E0300B3165C /* Assets.xcassets */; };
		9AFD35B221512E0300B3165C /* LaunchScreen.storyboard in Resources */ = {isa = PBXBuildFile; fileRef = 9AFD35B021512E0300B3165C /* LaunchScreen.storyboard */; };
		9AFD35BD21512E0400B3165C /* TheNoticesGuardianTests.swift in Sources */ = {isa = PBXBuildFile; fileRef = 9AFD35BC21512E0400B3165C /* TheNoticesGuardianTests.swift */; };
		9AFD35C821512E0400B3165C /* TheNoticesGuardianUITests.swift in Sources */ = {isa = PBXBuildFile; fileRef = 9AFD35C721512E0400B3165C /* TheNoticesGuardianUITests.swift */; };
		9AFD35D72151770F00B3165C /* NoticesTableViewController.swift in Sources */ = {isa = PBXBuildFile; fileRef = 9AFD35D62151770F00B3165C /* NoticesTableViewController.swift */; };
		9AFD35D92151772900B3165C /* NoticeTableViewCell.swift in Sources */ = {isa = PBXBuildFile; fileRef = 9AFD35D82151772900B3165C /* NoticeTableViewCell.swift */; };
		9AFD35DB2151777C00B3165C /* SearchTableViewController.swift in Sources */ = {isa = PBXBuildFile; fileRef = 9AFD35DA2151777C00B3165C /* SearchTableViewController.swift */; };
		9AFD35DD21517FF000B3165C /* SectionTableViewController.swift in Sources */ = {isa = PBXBuildFile; fileRef = 9AFD35DC21517FF000B3165C /* SectionTableViewController.swift */; };
		9AFD35DF21517FFD00B3165C /* SectionTableViewCell.swift in Sources */ = {isa = PBXBuildFile; fileRef = 9AFD35DE21517FFD00B3165C /* SectionTableViewCell.swift */; };
		9AFD35E12151802E00B3165C /* SearchNoticeTableViewCell.swift in Sources */ = {isa = PBXBuildFile; fileRef = 9AFD35E02151802E00B3165C /* SearchNoticeTableViewCell.swift */; };
		9AFD35E42151809B00B3165C /* Notices.swift in Sources */ = {isa = PBXBuildFile; fileRef = 9AFD35E32151809B00B3165C /* Notices.swift */; };
		9AFD35E6215180E600B3165C /* Section.swift in Sources */ = {isa = PBXBuildFile; fileRef = 9AFD35E5215180E600B3165C /* Section.swift */; };
		9AFD35EB21528B4100B3165C /* NoticeViewController.swift in Sources */ = {isa = PBXBuildFile; fileRef = 9AFD35EA21528B4100B3165C /* NoticeViewController.swift */; };
		9AFD35EE2152C31500B3165C /* ApiService.swift in Sources */ = {isa = PBXBuildFile; fileRef = 9AFD35ED2152C31500B3165C /* ApiService.swift */; };
		9AFD35F12153E9EE00B3165C /* SectionResults.swift in Sources */ = {isa = PBXBuildFile; fileRef = 9AFD35F02153E9EE00B3165C /* SectionResults.swift */; };
		9AFD35F321541FB500B3165C /* LinkManager.swift in Sources */ = {isa = PBXBuildFile; fileRef = 9AFD35F221541FB500B3165C /* LinkManager.swift */; };
		9AFD35F52154201300B3165C /* Services.plist in Resources */ = {isa = PBXBuildFile; fileRef = 9AFD35F42154201300B3165C /* Services.plist */; };
		9AFD35F82155393800B3165C /* NoticesResults.swift in Sources */ = {isa = PBXBuildFile; fileRef = 9AFD35F72155393800B3165C /* NoticesResults.swift */; };
/* End PBXBuildFile section */

/* Begin PBXContainerItemProxy section */
		9AFD35B921512E0400B3165C /* PBXContainerItemProxy */ = {
			isa = PBXContainerItemProxy;
			containerPortal = 9AFD359C21512E0200B3165C /* Project object */;
			proxyType = 1;
			remoteGlobalIDString = 9AFD35A321512E0200B3165C;
			remoteInfo = TheNoticesGuardian;
		};
		9AFD35C421512E0400B3165C /* PBXContainerItemProxy */ = {
			isa = PBXContainerItemProxy;
			containerPortal = 9AFD359C21512E0200B3165C /* Project object */;
			proxyType = 1;
			remoteGlobalIDString = 9AFD35A321512E0200B3165C;
			remoteInfo = TheNoticesGuardian;
		};
/* End PBXContainerItemProxy section */

/* Begin PBXFileReference section */
		3ACF3E86830E9A2F5DB15A16 /* Pods_TheNoticesGuardian.framework */ = {isa = PBXFileReference; explicitFileType = wrapper.framework; includeInIndex = 0; path = Pods_TheNoticesGuardian.framework; sourceTree = BUILT_PRODUCTS_DIR; };
		458EC23953E950F8ACEDB91F /* Pods_TheNoticesGuardianTests.framework */ = {isa = PBXFileReference; explicitFileType = wrapper.framework; includeInIndex = 0; path = Pods_TheNoticesGuardianTests.framework; sourceTree = BUILT_PRODUCTS_DIR; };
		5777F4B08C4FBBD9CB632ACF /* Pods-TheNoticesGuardianUITests.release.xcconfig */ = {isa = PBXFileReference; includeInIndex = 1; lastKnownFileType = text.xcconfig; name = "Pods-TheNoticesGuardianUITests.release.xcconfig"; path = "Pods/Target Support Files/Pods-TheNoticesGuardianUITests/Pods-TheNoticesGuardianUITests.release.xcconfig"; sourceTree = "<group>"; };
		8262483E6B0E62CB19EE8152 /* Pods_TheNoticesGuardianUITests.framework */ = {isa = PBXFileReference; explicitFileType = wrapper.framework; includeInIndex = 0; path = Pods_TheNoticesGuardianUITests.framework; sourceTree = BUILT_PRODUCTS_DIR; };
		9A06D7E021558A4400DCD71A /* Notice.swift */ = {isa = PBXFileReference; lastKnownFileType = sourcecode.swift; path = Notice.swift; sourceTree = "<group>"; };
		9A3137A0215ACB0C00D3770E /* SectionModalTableViewCell.swift */ = {isa = PBXFileReference; lastKnownFileType = sourcecode.swift; path = SectionModalTableViewCell.swift; sourceTree = "<group>"; };
		9A3137AC215D516400D3770E /* Extension.swift */ = {isa = PBXFileReference; lastKnownFileType = sourcecode.swift; path = Extension.swift; sourceTree = "<group>"; };
		9A3137AE215D51E600D3770E /* Reachability.swift */ = {isa = PBXFileReference; lastKnownFileType = sourcecode.swift; path = Reachability.swift; sourceTree = "<group>"; };
		9A3ACEAC21590DAC00E5004F /* SearchNotice.swift */ = {isa = PBXFileReference; lastKnownFileType = sourcecode.swift; path = SearchNotice.swift; sourceTree = "<group>"; };
		9A3ACEB02159140400E5004F /* SearchResults.swift */ = {isa = PBXFileReference; lastKnownFileType = sourcecode.swift; path = SearchResults.swift; sourceTree = "<group>"; };
		9ACAFD14215AA15E003C0B5F /* SectionModalableViewController.swift */ = {isa = PBXFileReference; lastKnownFileType = sourcecode.swift; path = SectionModalableViewController.swift; sourceTree = "<group>"; };
		9AFD35A421512E0200B3165C /* TheNoticesGuardian.app */ = {isa = PBXFileReference; explicitFileType = wrapper.application; includeInIndex = 0; path = TheNoticesGuardian.app; sourceTree = BUILT_PRODUCTS_DIR; };
		9AFD35A721512E0200B3165C /* AppDelegate.swift */ = {isa = PBXFileReference; lastKnownFileType = sourcecode.swift; path = AppDelegate.swift; sourceTree = "<group>"; };
		9AFD35AC21512E0200B3165C /* Base */ = {isa = PBXFileReference; lastKnownFileType = file.storyboard; name = Base; path = Base.lproj/Main.storyboard; sourceTree = "<group>"; };
		9AFD35AE21512E0300B3165C /* Assets.xcassets */ = {isa = PBXFileReference; lastKnownFileType = folder.assetcatalog; path = Assets.xcassets; sourceTree = "<group>"; };
		9AFD35B121512E0300B3165C /* Base */ = {isa = PBXFileReference; lastKnownFileType = file.storyboard; name = Base; path = Base.lproj/LaunchScreen.storyboard; sourceTree = "<group>"; };
		9AFD35B321512E0400B3165C /* Info.plist */ = {isa = PBXFileReference; lastKnownFileType = text.plist.xml; path = Info.plist; sourceTree = "<group>"; };
		9AFD35B821512E0400B3165C /* TheNoticesGuardianTests.xctest */ = {isa = PBXFileReference; explicitFileType = wrapper.cfbundle; includeInIndex = 0; path = TheNoticesGuardianTests.xctest; sourceTree = BUILT_PRODUCTS_DIR; };
		9AFD35BC21512E0400B3165C /* TheNoticesGuardianTests.swift */ = {isa = PBXFileReference; lastKnownFileType = sourcecode.swift; path = TheNoticesGuardianTests.swift; sourceTree = "<group>"; };
		9AFD35BE21512E0400B3165C /* Info.plist */ = {isa = PBXFileReference; lastKnownFileType = text.plist.xml; path = Info.plist; sourceTree = "<group>"; };
		9AFD35C321512E0400B3165C /* TheNoticesGuardianUITests.xctest */ = {isa = PBXFileReference; explicitFileType = wrapper.cfbundle; includeInIndex = 0; path = TheNoticesGuardianUITests.xctest; sourceTree = BUILT_PRODUCTS_DIR; };
		9AFD35C721512E0400B3165C /* TheNoticesGuardianUITests.swift */ = {isa = PBXFileReference; lastKnownFileType = sourcecode.swift; path = TheNoticesGuardianUITests.swift; sourceTree = "<group>"; };
		9AFD35C921512E0400B3165C /* Info.plist */ = {isa = PBXFileReference; lastKnownFileType = text.plist.xml; path = Info.plist; sourceTree = "<group>"; };
		9AFD35D62151770F00B3165C /* NoticesTableViewController.swift */ = {isa = PBXFileReference; lastKnownFileType = sourcecode.swift; path = NoticesTableViewController.swift; sourceTree = "<group>"; };
		9AFD35D82151772900B3165C /* NoticeTableViewCell.swift */ = {isa = PBXFileReference; lastKnownFileType = sourcecode.swift; path = NoticeTableViewCell.swift; sourceTree = "<group>"; };
		9AFD35DA2151777C00B3165C /* SearchTableViewController.swift */ = {isa = PBXFileReference; lastKnownFileType = sourcecode.swift; path = SearchTableViewController.swift; sourceTree = "<group>"; };
		9AFD35DC21517FF000B3165C /* SectionTableViewController.swift */ = {isa = PBXFileReference; lastKnownFileType = sourcecode.swift; path = SectionTableViewController.swift; sourceTree = "<group>"; };
		9AFD35DE21517FFD00B3165C /* SectionTableViewCell.swift */ = {isa = PBXFileReference; lastKnownFileType = sourcecode.swift; path = SectionTableViewCell.swift; sourceTree = "<group>"; };
		9AFD35E02151802E00B3165C /* SearchNoticeTableViewCell.swift */ = {isa = PBXFileReference; lastKnownFileType = sourcecode.swift; path = SearchNoticeTableViewCell.swift; sourceTree = "<group>"; };
		9AFD35E32151809B00B3165C /* Notices.swift */ = {isa = PBXFileReference; lastKnownFileType = sourcecode.swift; path = Notices.swift; sourceTree = "<group>"; };
		9AFD35E5215180E600B3165C /* Section.swift */ = {isa = PBXFileReference; lastKnownFileType = sourcecode.swift; path = Section.swift; sourceTree = "<group>"; };
		9AFD35EA21528B4100B3165C /* NoticeViewController.swift */ = {isa = PBXFileReference; lastKnownFileType = sourcecode.swift; path = NoticeViewController.swift; sourceTree = "<group>"; };
		9AFD35ED2152C31500B3165C /* ApiService.swift */ = {isa = PBXFileReference; lastKnownFileType = sourcecode.swift; path = ApiService.swift; sourceTree = "<group>"; };
		9AFD35F02153E9EE00B3165C /* SectionResults.swift */ = {isa = PBXFileReference; lastKnownFileType = sourcecode.swift; path = SectionResults.swift; sourceTree = "<group>"; };
		9AFD35F221541FB500B3165C /* LinkManager.swift */ = {isa = PBXFileReference; lastKnownFileType = sourcecode.swift; path = LinkManager.swift; sourceTree = "<group>"; };
		9AFD35F42154201300B3165C /* Services.plist */ = {isa = PBXFileReference; lastKnownFileType = text.plist.xml; path = Services.plist; sourceTree = "<group>"; };
		9AFD35F72155393800B3165C /* NoticesResults.swift */ = {isa = PBXFileReference; lastKnownFileType = sourcecode.swift; path = NoticesResults.swift; sourceTree = "<group>"; };
		BD7403A7BFC9C66BA4131F3A /* Pods-TheNoticesGuardian.release.xcconfig */ = {isa = PBXFileReference; includeInIndex = 1; lastKnownFileType = text.xcconfig; name = "Pods-TheNoticesGuardian.release.xcconfig"; path = "Pods/Target Support Files/Pods-TheNoticesGuardian/Pods-TheNoticesGuardian.release.xcconfig"; sourceTree = "<group>"; };
		CBBBD56EE0A3E2238F47B9CE /* Pods-TheNoticesGuardianTests.release.xcconfig */ = {isa = PBXFileReference; includeInIndex = 1; lastKnownFileType = text.xcconfig; name = "Pods-TheNoticesGuardianTests.release.xcconfig"; path = "Pods/Target Support Files/Pods-TheNoticesGuardianTests/Pods-TheNoticesGuardianTests.release.xcconfig"; sourceTree = "<group>"; };
		D247D8CF7CF6217CE39699DC /* Pods-TheNoticesGuardianTests.debug.xcconfig */ = {isa = PBXFileReference; includeInIndex = 1; lastKnownFileType = text.xcconfig; name = "Pods-TheNoticesGuardianTests.debug.xcconfig"; path = "Pods/Target Support Files/Pods-TheNoticesGuardianTests/Pods-TheNoticesGuardianTests.debug.xcconfig"; sourceTree = "<group>"; };
		D63C0824442D288A483A838F /* Pods-TheNoticesGuardian.debug.xcconfig */ = {isa = PBXFileReference; includeInIndex = 1; lastKnownFileType = text.xcconfig; name = "Pods-TheNoticesGuardian.debug.xcconfig"; path = "Pods/Target Support Files/Pods-TheNoticesGuardian/Pods-TheNoticesGuardian.debug.xcconfig"; sourceTree = "<group>"; };
		F62CA7D071312065F6933AFF /* Pods-TheNoticesGuardianUITests.debug.xcconfig */ = {isa = PBXFileReference; includeInIndex = 1; lastKnownFileType = text.xcconfig; name = "Pods-TheNoticesGuardianUITests.debug.xcconfig"; path = "Pods/Target Support Files/Pods-TheNoticesGuardianUITests/Pods-TheNoticesGuardianUITests.debug.xcconfig"; sourceTree = "<group>"; };
/* End PBXFileReference section */

/* Begin PBXFrameworksBuildPhase section */
		9AFD35A121512E0200B3165C /* Frameworks */ = {
			isa = PBXFrameworksBuildPhase;
			buildActionMask = 2147483647;
			files = (
				4991ACB63D7F5C0CF881204D /* Pods_TheNoticesGuardian.framework in Frameworks */,
			);
			runOnlyForDeploymentPostprocessing = 0;
		};
		9AFD35B521512E0400B3165C /* Frameworks */ = {
			isa = PBXFrameworksBuildPhase;
			buildActionMask = 2147483647;
			files = (
				157FA61674A85B1D22B01A6E /* Pods_TheNoticesGuardianTests.framework in Frameworks */,
			);
			runOnlyForDeploymentPostprocessing = 0;
		};
		9AFD35C021512E0400B3165C /* Frameworks */ = {
			isa = PBXFrameworksBuildPhase;
			buildActionMask = 2147483647;
			files = (
				20AEEF645BA6BA953587CAA4 /* Pods_TheNoticesGuardianUITests.framework in Frameworks */,
			);
			runOnlyForDeploymentPostprocessing = 0;
		};
/* End PBXFrameworksBuildPhase section */

/* Begin PBXGroup section */
		88BCA7B297465EC21BCD21E5 /* Pods */ = {
			isa = PBXGroup;
			children = (
				D63C0824442D288A483A838F /* Pods-TheNoticesGuardian.debug.xcconfig */,
				BD7403A7BFC9C66BA4131F3A /* Pods-TheNoticesGuardian.release.xcconfig */,
				D247D8CF7CF6217CE39699DC /* Pods-TheNoticesGuardianTests.debug.xcconfig */,
				CBBBD56EE0A3E2238F47B9CE /* Pods-TheNoticesGuardianTests.release.xcconfig */,
				F62CA7D071312065F6933AFF /* Pods-TheNoticesGuardianUITests.debug.xcconfig */,
				5777F4B08C4FBBD9CB632ACF /* Pods-TheNoticesGuardianUITests.release.xcconfig */,
			);
			name = Pods;
			sourceTree = "<group>";
		};
		9903133AC0711AE92F7A0649 /* Frameworks */ = {
			isa = PBXGroup;
			children = (
				3ACF3E86830E9A2F5DB15A16 /* Pods_TheNoticesGuardian.framework */,
				458EC23953E950F8ACEDB91F /* Pods_TheNoticesGuardianTests.framework */,
				8262483E6B0E62CB19EE8152 /* Pods_TheNoticesGuardianUITests.framework */,
			);
			name = Frameworks;
			sourceTree = "<group>";
		};
		9A3137A2215BC79B00D3770E /* Utils */ = {
			isa = PBXGroup;
			children = (
				9A3137AC215D516400D3770E /* Extension.swift */,
				9A3137AE215D51E600D3770E /* Reachability.swift */,
			);
			path = Utils;
			sourceTree = "<group>";
		};
		9A3137A9215C0C3700D3770E /* Notice */ = {
			isa = PBXGroup;
			children = (
				9A06D7E021558A4400DCD71A /* Notice.swift */,
			);
			path = Notice;
			sourceTree = "<group>";
		};
		9A3ACEAE21590F6300E5004F /* Search */ = {
			isa = PBXGroup;
			children = (
				9A3ACEAC21590DAC00E5004F /* SearchNotice.swift */,
				9A3ACEB02159140400E5004F /* SearchResults.swift */,
			);
			path = Search;
			sourceTree = "<group>";
		};
		9A3ACEAF21590F8D00E5004F /* Notice */ = {
			isa = PBXGroup;
			children = (
				9AFD35EA21528B4100B3165C /* NoticeViewController.swift */,
			);
			name = Notice;
			path = "New Group";
			sourceTree = "<group>";
		};
		9AFD359B21512E0200B3165C = {
			isa = PBXGroup;
			children = (
				9AFD35A621512E0200B3165C /* TheNoticesGuardian */,
				9AFD35BB21512E0400B3165C /* TheNoticesGuardianTests */,
				9AFD35C621512E0400B3165C /* TheNoticesGuardianUITests */,
				9AFD35A521512E0200B3165C /* Products */,
				88BCA7B297465EC21BCD21E5 /* Pods */,
				9903133AC0711AE92F7A0649 /* Frameworks */,
			);
			sourceTree = "<group>";
		};
		9AFD35A521512E0200B3165C /* Products */ = {
			isa = PBXGroup;
			children = (
				9AFD35A421512E0200B3165C /* TheNoticesGuardian.app */,
				9AFD35B821512E0400B3165C /* TheNoticesGuardianTests.xctest */,
				9AFD35C321512E0400B3165C /* TheNoticesGuardianUITests.xctest */,
			);
			name = Products;
			sourceTree = "<group>";
		};
		9AFD35A621512E0200B3165C /* TheNoticesGuardian */ = {
			isa = PBXGroup;
			children = (
				9A3137A2215BC79B00D3770E /* Utils */,
				9AFD35EC2152C2DF00B3165C /* Service */,
				9AFD35E22151807400B3165C /* Model */,
				9AFD35D5215176A700B3165C /* Views */,
				9AFD35A721512E0200B3165C /* AppDelegate.swift */,
				9AFD35AB21512E0200B3165C /* Main.storyboard */,
				9AFD35AE21512E0300B3165C /* Assets.xcassets */,
				9AFD35B021512E0300B3165C /* LaunchScreen.storyboard */,
				9AFD35B321512E0400B3165C /* Info.plist */,
				9AFD35F42154201300B3165C /* Services.plist */,
			);
			path = TheNoticesGuardian;
			sourceTree = "<group>";
		};
		9AFD35BB21512E0400B3165C /* TheNoticesGuardianTests */ = {
			isa = PBXGroup;
			children = (
				9AFD35BC21512E0400B3165C /* TheNoticesGuardianTests.swift */,
				9AFD35BE21512E0400B3165C /* Info.plist */,
			);
			path = TheNoticesGuardianTests;
			sourceTree = "<group>";
		};
		9AFD35C621512E0400B3165C /* TheNoticesGuardianUITests */ = {
			isa = PBXGroup;
			children = (
				9AFD35C721512E0400B3165C /* TheNoticesGuardianUITests.swift */,
				9AFD35C921512E0400B3165C /* Info.plist */,
			);
			path = TheNoticesGuardianUITests;
			sourceTree = "<group>";
		};
		9AFD35D5215176A700B3165C /* Views */ = {
			isa = PBXGroup;
			children = (
				9A3ACEAF21590F8D00E5004F /* Notice */,
				9AFD35E8215289FB00B3165C /* Notices */,
				9AFD35E921528A0700B3165C /* Search */,
				9AFD35E7215289F200B3165C /* Section */,
			);
			path = Views;
			sourceTree = "<group>";
		};
		9AFD35E22151807400B3165C /* Model */ = {
			isa = PBXGroup;
			children = (
				9A3137A9215C0C3700D3770E /* Notice */,
				9A3ACEAE21590F6300E5004F /* Search */,
				9AFD35F62155391900B3165C /* Notices */,
				9AFD35EF2153E9D600B3165C /* Session */,
			);
			path = Model;
			sourceTree = "<group>";
		};
		9AFD35E7215289F200B3165C /* Section */ = {
			isa = PBXGroup;
			children = (
				9AFD35DC21517FF000B3165C /* SectionTableViewController.swift */,
				9AFD35DE21517FFD00B3165C /* SectionTableViewCell.swift */,
			);
			path = Section;
			sourceTree = "<group>";
		};
		9AFD35E8215289FB00B3165C /* Notices */ = {
			isa = PBXGroup;
			children = (
				9AFD35D62151770F00B3165C /* NoticesTableViewController.swift */,
				9AFD35D82151772900B3165C /* NoticeTableViewCell.swift */,
			);
			path = Notices;
			sourceTree = "<group>";
		};
		9AFD35E921528A0700B3165C /* Search */ = {
			isa = PBXGroup;
			children = (
				9AFD35DA2151777C00B3165C /* SearchTableViewController.swift */,
				9AFD35E02151802E00B3165C /* SearchNoticeTableViewCell.swift */,
				9ACAFD14215AA15E003C0B5F /* SectionModalableViewController.swift */,
				9A3137A0215ACB0C00D3770E /* SectionModalTableViewCell.swift */,
			);
			path = Search;
			sourceTree = "<group>";
		};
		9AFD35EC2152C2DF00B3165C /* Service */ = {
			isa = PBXGroup;
			children = (
				9AFD35ED2152C31500B3165C /* ApiService.swift */,
				9AFD35F221541FB500B3165C /* LinkManager.swift */,
			);
			path = Service;
			sourceTree = "<group>";
		};
		9AFD35EF2153E9D600B3165C /* Session */ = {
			isa = PBXGroup;
			children = (
				9AFD35E5215180E600B3165C /* Section.swift */,
				9AFD35F02153E9EE00B3165C /* SectionResults.swift */,
			);
			path = Session;
			sourceTree = "<group>";
		};
		9AFD35F62155391900B3165C /* Notices */ = {
			isa = PBXGroup;
			children = (
				9AFD35E32151809B00B3165C /* Notices.swift */,
				9AFD35F72155393800B3165C /* NoticesResults.swift */,
			);
			path = Notices;
			sourceTree = "<group>";
		};
/* End PBXGroup section */

/* Begin PBXNativeTarget section */
		9AFD35A321512E0200B3165C /* TheNoticesGuardian */ = {
			isa = PBXNativeTarget;
			buildConfigurationList = 9AFD35CC21512E0400B3165C /* Build configuration list for PBXNativeTarget "TheNoticesGuardian" */;
			buildPhases = (
				17EBFBC99DD2AC1FD4B89203 /* [CP] Check Pods Manifest.lock */,
				9AFD35A021512E0200B3165C /* Sources */,
				9AFD35A121512E0200B3165C /* Frameworks */,
				9AFD35A221512E0200B3165C /* Resources */,
				0528EB9F247607EC6AC354CB /* [CP] Embed Pods Frameworks */,
			);
			buildRules = (
			);
			dependencies = (
			);
			name = TheNoticesGuardian;
			productName = TheNoticesGuardian;
			productReference = 9AFD35A421512E0200B3165C /* TheNoticesGuardian.app */;
			productType = "com.apple.product-type.application";
		};
		9AFD35B721512E0400B3165C /* TheNoticesGuardianTests */ = {
			isa = PBXNativeTarget;
			buildConfigurationList = 9AFD35CF21512E0400B3165C /* Build configuration list for PBXNativeTarget "TheNoticesGuardianTests" */;
			buildPhases = (
				B3E1ECEA1405DC895CAC32A4 /* [CP] Check Pods Manifest.lock */,
				9AFD35B421512E0400B3165C /* Sources */,
				9AFD35B521512E0400B3165C /* Frameworks */,
				9AFD35B621512E0400B3165C /* Resources */,
			);
			buildRules = (
			);
			dependencies = (
				9AFD35BA21512E0400B3165C /* PBXTargetDependency */,
			);
			name = TheNoticesGuardianTests;
			productName = TheNoticesGuardianTests;
			productReference = 9AFD35B821512E0400B3165C /* TheNoticesGuardianTests.xctest */;
			productType = "com.apple.product-type.bundle.unit-test";
		};
		9AFD35C221512E0400B3165C /* TheNoticesGuardianUITests */ = {
			isa = PBXNativeTarget;
			buildConfigurationList = 9AFD35D221512E0400B3165C /* Build configuration list for PBXNativeTarget "TheNoticesGuardianUITests" */;
			buildPhases = (
				45133835F831AF21F25590D7 /* [CP] Check Pods Manifest.lock */,
				9AFD35BF21512E0400B3165C /* Sources */,
				9AFD35C021512E0400B3165C /* Frameworks */,
				9AFD35C121512E0400B3165C /* Resources */,
			);
			buildRules = (
			);
			dependencies = (
				9AFD35C521512E0400B3165C /* PBXTargetDependency */,
			);
			name = TheNoticesGuardianUITests;
			productName = TheNoticesGuardianUITests;
			productReference = 9AFD35C321512E0400B3165C /* TheNoticesGuardianUITests.xctest */;
			productType = "com.apple.product-type.bundle.ui-testing";
		};
/* End PBXNativeTarget section */

/* Begin PBXProject section */
		9AFD359C21512E0200B3165C /* Project object */ = {
			isa = PBXProject;
			attributes = {
				LastSwiftUpdateCheck = 0940;
				LastUpgradeCheck = 0940;
				ORGANIZATIONNAME = Stefanini;
				TargetAttributes = {
					9AFD35A321512E0200B3165C = {
						CreatedOnToolsVersion = 9.4.1;
					};
					9AFD35B721512E0400B3165C = {
						CreatedOnToolsVersion = 9.4.1;
						TestTargetID = 9AFD35A321512E0200B3165C;
					};
					9AFD35C221512E0400B3165C = {
						CreatedOnToolsVersion = 9.4.1;
						TestTargetID = 9AFD35A321512E0200B3165C;
					};
				};
			};
			buildConfigurationList = 9AFD359F21512E0200B3165C /* Build configuration list for PBXProject "TheNoticesGuardian" */;
			compatibilityVersion = "Xcode 9.3";
			developmentRegion = en;
			hasScannedForEncodings = 0;
			knownRegions = (
				en,
				Base,
			);
			mainGroup = 9AFD359B21512E0200B3165C;
			productRefGroup = 9AFD35A521512E0200B3165C /* Products */;
			projectDirPath = "";
			projectRoot = "";
			targets = (
				9AFD35A321512E0200B3165C /* TheNoticesGuardian */,
				9AFD35B721512E0400B3165C /* TheNoticesGuardianTests */,
				9AFD35C221512E0400B3165C /* TheNoticesGuardianUITests */,
			);
		};
/* End PBXProject section */

/* Begin PBXResourcesBuildPhase section */
		9AFD35A221512E0200B3165C /* Resources */ = {
			isa = PBXResourcesBuildPhase;
			buildActionMask = 2147483647;
			files = (
				9AFD35F52154201300B3165C /* Services.plist in Resources */,
				9AFD35B221512E0300B3165C /* LaunchScreen.storyboard in Resources */,
				9AFD35AF21512E0300B3165C /* Assets.xcassets in Resources */,
				9AFD35AD21512E0200B3165C /* Main.storyboard in Resources */,
			);
			runOnlyForDeploymentPostprocessing = 0;
		};
		9AFD35B621512E0400B3165C /* Resources */ = {
			isa = PBXResourcesBuildPhase;
			buildActionMask = 2147483647;
			files = (
			);
			runOnlyForDeploymentPostprocessing = 0;
		};
		9AFD35C121512E0400B3165C /* Resources */ = {
			isa = PBXResourcesBuildPhase;
			buildActionMask = 2147483647;
			files = (
			);
			runOnlyForDeploymentPostprocessing = 0;
		};
/* End PBXResourcesBuildPhase section */

/* Begin PBXShellScriptBuildPhase section */
		0528EB9F247607EC6AC354CB /* [CP] Embed Pods Frameworks */ = {
			isa = PBXShellScriptBuildPhase;
			buildActionMask = 2147483647;
			files = (
			);
			inputPaths = (
				"${SRCROOT}/Pods/Target Support Files/Pods-TheNoticesGuardian/Pods-TheNoticesGuardian-frameworks.sh",
				"${BUILT_PRODUCTS_DIR}/Alamofire/Alamofire.framework",
				"${BUILT_PRODUCTS_DIR}/Kingfisher/Kingfisher.framework",
				"${BUILT_PRODUCTS_DIR}/SwifterSwift/SwifterSwift.framework",
				"${BUILT_PRODUCTS_DIR}/SwiftyJSON/SwiftyJSON.framework",
				"${BUILT_PRODUCTS_DIR}/lottie-ios/Lottie.framework",
			);
			name = "[CP] Embed Pods Frameworks";
			outputPaths = (
				"${TARGET_BUILD_DIR}/${FRAMEWORKS_FOLDER_PATH}/Alamofire.framework",
				"${TARGET_BUILD_DIR}/${FRAMEWORKS_FOLDER_PATH}/Kingfisher.framework",
				"${TARGET_BUILD_DIR}/${FRAMEWORKS_FOLDER_PATH}/SwifterSwift.framework",
				"${TARGET_BUILD_DIR}/${FRAMEWORKS_FOLDER_PATH}/SwiftyJSON.framework",
				"${TARGET_BUILD_DIR}/${FRAMEWORKS_FOLDER_PATH}/Lottie.framework",
			);
			runOnlyForDeploymentPostprocessing = 0;
			shellPath = /bin/sh;
			shellScript = "\"${SRCROOT}/Pods/Target Support Files/Pods-TheNoticesGuardian/Pods-TheNoticesGuardian-frameworks.sh\"\n";
			showEnvVarsInLog = 0;
		};
		17EBFBC99DD2AC1FD4B89203 /* [CP] Check Pods Manifest.lock */ = {
			isa = PBXShellScriptBuildPhase;
			buildActionMask = 2147483647;
			files = (
			);
			inputPaths = (
				"${PODS_PODFILE_DIR_PATH}/Podfile.lock",
				"${PODS_ROOT}/Manifest.lock",
			);
			name = "[CP] Check Pods Manifest.lock";
			outputPaths = (
				"$(DERIVED_FILE_DIR)/Pods-TheNoticesGuardian-checkManifestLockResult.txt",
			);
			runOnlyForDeploymentPostprocessing = 0;
			shellPath = /bin/sh;
			shellScript = "diff \"${PODS_PODFILE_DIR_PATH}/Podfile.lock\" \"${PODS_ROOT}/Manifest.lock\" > /dev/null\nif [ $? != 0 ] ; then\n    # print error to STDERR\n    echo \"error: The sandbox is not in sync with the Podfile.lock. Run 'pod install' or update your CocoaPods installation.\" >&2\n    exit 1\nfi\n# This output is used by Xcode 'outputs' to avoid re-running this script phase.\necho \"SUCCESS\" > \"${SCRIPT_OUTPUT_FILE_0}\"\n";
			showEnvVarsInLog = 0;
		};
		45133835F831AF21F25590D7 /* [CP] Check Pods Manifest.lock */ = {
			isa = PBXShellScriptBuildPhase;
			buildActionMask = 2147483647;
			files = (
			);
			inputPaths = (
				"${PODS_PODFILE_DIR_PATH}/Podfile.lock",
				"${PODS_ROOT}/Manifest.lock",
			);
			name = "[CP] Check Pods Manifest.lock";
			outputPaths = (
				"$(DERIVED_FILE_DIR)/Pods-TheNoticesGuardianUITests-checkManifestLockResult.txt",
			);
			runOnlyForDeploymentPostprocessing = 0;
			shellPath = /bin/sh;
			shellScript = "diff \"${PODS_PODFILE_DIR_PATH}/Podfile.lock\" \"${PODS_ROOT}/Manifest.lock\" > /dev/null\nif [ $? != 0 ] ; then\n    # print error to STDERR\n    echo \"error: The sandbox is not in sync with the Podfile.lock. Run 'pod install' or update your CocoaPods installation.\" >&2\n    exit 1\nfi\n# This output is used by Xcode 'outputs' to avoid re-running this script phase.\necho \"SUCCESS\" > \"${SCRIPT_OUTPUT_FILE_0}\"\n";
			showEnvVarsInLog = 0;
		};
		B3E1ECEA1405DC895CAC32A4 /* [CP] Check Pods Manifest.lock */ = {
			isa = PBXShellScriptBuildPhase;
			buildActionMask = 2147483647;
			files = (
			);
			inputPaths = (
				"${PODS_PODFILE_DIR_PATH}/Podfile.lock",
				"${PODS_ROOT}/Manifest.lock",
			);
			name = "[CP] Check Pods Manifest.lock";
			outputPaths = (
				"$(DERIVED_FILE_DIR)/Pods-TheNoticesGuardianTests-checkManifestLockResult.txt",
			);
			runOnlyForDeploymentPostprocessing = 0;
			shellPath = /bin/sh;
			shellScript = "diff \"${PODS_PODFILE_DIR_PATH}/Podfile.lock\" \"${PODS_ROOT}/Manifest.lock\" > /dev/null\nif [ $? != 0 ] ; then\n    # print error to STDERR\n    echo \"error: The sandbox is not in sync with the Podfile.lock. Run 'pod install' or update your CocoaPods installation.\" >&2\n    exit 1\nfi\n# This output is used by Xcode 'outputs' to avoid re-running this script phase.\necho \"SUCCESS\" > \"${SCRIPT_OUTPUT_FILE_0}\"\n";
			showEnvVarsInLog = 0;
		};
/* End PBXShellScriptBuildPhase section */

/* Begin PBXSourcesBuildPhase section */
		9AFD35A021512E0200B3165C /* Sources */ = {
			isa = PBXSourcesBuildPhase;
			buildActionMask = 2147483647;
			files = (
				9A06D7E121558A4400DCD71A /* Notice.swift in Sources */,
				9AFD35A821512E0200B3165C /* AppDelegate.swift in Sources */,
				9AFD35DF21517FFD00B3165C /* SectionTableViewCell.swift in Sources */,
				9AFD35D72151770F00B3165C /* NoticesTableViewController.swift in Sources */,
				9AFD35F321541FB500B3165C /* LinkManager.swift in Sources */,
				9AFD35DB2151777C00B3165C /* SearchTableViewController.swift in Sources */,
				9A3ACEAD21590DAC00E5004F /* SearchNotice.swift in Sources */,
				9AFD35EB21528B4100B3165C /* NoticeViewController.swift in Sources */,
				9A3137AD215D516400D3770E /* Extension.swift in Sources */,
				9AFD35EE2152C31500B3165C /* ApiService.swift in Sources */,
				9AFD35F12153E9EE00B3165C /* SectionResults.swift in Sources */,
				9AFD35DD21517FF000B3165C /* SectionTableViewController.swift in Sources */,
				9AFD35D92151772900B3165C /* NoticeTableViewCell.swift in Sources */,
				9AFD35F82155393800B3165C /* NoticesResults.swift in Sources */,
				9A3137AF215D51E600D3770E /* Reachability.swift in Sources */,
				9AFD35E6215180E600B3165C /* Section.swift in Sources */,
				9ACAFD15215AA15E003C0B5F /* SectionModalableViewController.swift in Sources */,
				9AFD35E12151802E00B3165C /* SearchNoticeTableViewCell.swift in Sources */,
				9A3ACEB12159140400E5004F /* SearchResults.swift in Sources */,
				9AFD35E42151809B00B3165C /* Notices.swift in Sources */,
				9A3137A1215ACB0C00D3770E /* SectionModalTableViewCell.swift in Sources */,
			);
			runOnlyForDeploymentPostprocessing = 0;
		};
		9AFD35B421512E0400B3165C /* Sources */ = {
			isa = PBXSourcesBuildPhase;
			buildActionMask = 2147483647;
			files = (
				9AFD35BD21512E0400B3165C /* TheNoticesGuardianTests.swift in Sources */,
			);
			runOnlyForDeploymentPostprocessing = 0;
		};
		9AFD35BF21512E0400B3165C /* Sources */ = {
			isa = PBXSourcesBuildPhase;
			buildActionMask = 2147483647;
			files = (
				9AFD35C821512E0400B3165C /* TheNoticesGuardianUITests.swift in Sources */,
			);
			runOnlyForDeploymentPostprocessing = 0;
		};
/* End PBXSourcesBuildPhase section */

/* Begin PBXTargetDependency section */
		9AFD35BA21512E0400B3165C /* PBXTargetDependency */ = {
			isa = PBXTargetDependency;
			target = 9AFD35A321512E0200B3165C /* TheNoticesGuardian */;
			targetProxy = 9AFD35B921512E0400B3165C /* PBXContainerItemProxy */;
		};
		9AFD35C521512E0400B3165C /* PBXTargetDependency */ = {
			isa = PBXTargetDependency;
			target = 9AFD35A321512E0200B3165C /* TheNoticesGuardian */;
			targetProxy = 9AFD35C421512E0400B3165C /* PBXContainerItemProxy */;
		};
/* End PBXTargetDependency section */

/* Begin PBXVariantGroup section */
		9AFD35AB21512E0200B3165C /* Main.storyboard */ = {
			isa = PBXVariantGroup;
			children = (
				9AFD35AC21512E0200B3165C /* Base */,
			);
			name = Main.storyboard;
			sourceTree = "<group>";
		};
		9AFD35B021512E0300B3165C /* LaunchScreen.storyboard */ = {
			isa = PBXVariantGroup;
			children = (
				9AFD35B121512E0300B3165C /* Base */,
			);
			name = LaunchScreen.storyboard;
			sourceTree = "<group>";
		};
/* End PBXVariantGroup section */

/* Begin XCBuildConfiguration section */
		9AFD35CA21512E0400B3165C /* Debug */ = {
			isa = XCBuildConfiguration;
			buildSettings = {
				ALWAYS_SEARCH_USER_PATHS = NO;
				CLANG_ANALYZER_NONNULL = YES;
				CLANG_ANALYZER_NUMBER_OBJECT_CONVERSION = YES_AGGRESSIVE;
				CLANG_CXX_LANGUAGE_STANDARD = "gnu++14";
				CLANG_CXX_LIBRARY = "libc++";
				CLANG_ENABLE_MODULES = YES;
				CLANG_ENABLE_OBJC_ARC = YES;
				CLANG_ENABLE_OBJC_WEAK = YES;
				CLANG_WARN_BLOCK_CAPTURE_AUTORELEASING = YES;
				CLANG_WARN_BOOL_CONVERSION = YES;
				CLANG_WARN_COMMA = YES;
				CLANG_WARN_CONSTANT_CONVERSION = YES;
				CLANG_WARN_DEPRECATED_OBJC_IMPLEMENTATIONS = YES;
				CLANG_WARN_DIRECT_OBJC_ISA_USAGE = YES_ERROR;
				CLANG_WARN_DOCUMENTATION_COMMENTS = YES;
				CLANG_WARN_EMPTY_BODY = YES;
				CLANG_WARN_ENUM_CONVERSION = YES;
				CLANG_WARN_INFINITE_RECURSION = YES;
				CLANG_WARN_INT_CONVERSION = YES;
				CLANG_WARN_NON_LITERAL_NULL_CONVERSION = YES;
				CLANG_WARN_OBJC_IMPLICIT_RETAIN_SELF = YES;
				CLANG_WARN_OBJC_LITERAL_CONVERSION = YES;
				CLANG_WARN_OBJC_ROOT_CLASS = YES_ERROR;
				CLANG_WARN_RANGE_LOOP_ANALYSIS = YES;
				CLANG_WARN_STRICT_PROTOTYPES = YES;
				CLANG_WARN_SUSPICIOUS_MOVE = YES;
				CLANG_WARN_UNGUARDED_AVAILABILITY = YES_AGGRESSIVE;
				CLANG_WARN_UNREACHABLE_CODE = YES;
				CLANG_WARN__DUPLICATE_METHOD_MATCH = YES;
				CODE_SIGN_IDENTITY = "iPhone Developer";
				COPY_PHASE_STRIP = NO;
				DEBUG_INFORMATION_FORMAT = dwarf;
				ENABLE_STRICT_OBJC_MSGSEND = YES;
				ENABLE_TESTABILITY = YES;
				GCC_C_LANGUAGE_STANDARD = gnu11;
				GCC_DYNAMIC_NO_PIC = NO;
				GCC_NO_COMMON_BLOCKS = YES;
				GCC_OPTIMIZATION_LEVEL = 0;
				GCC_PREPROCESSOR_DEFINITIONS = (
					"DEBUG=1",
					"$(inherited)",
				);
				GCC_WARN_64_TO_32_BIT_CONVERSION = YES;
				GCC_WARN_ABOUT_RETURN_TYPE = YES_ERROR;
				GCC_WARN_UNDECLARED_SELECTOR = YES;
				GCC_WARN_UNINITIALIZED_AUTOS = YES_AGGRESSIVE;
				GCC_WARN_UNUSED_FUNCTION = YES;
				GCC_WARN_UNUSED_VARIABLE = YES;
				IPHONEOS_DEPLOYMENT_TARGET = 11.4;
				MTL_ENABLE_DEBUG_INFO = YES;
				ONLY_ACTIVE_ARCH = YES;
				SDKROOT = iphoneos;
				SWIFT_ACTIVE_COMPILATION_CONDITIONS = DEBUG;
				SWIFT_OPTIMIZATION_LEVEL = "-Onone";
			};
			name = Debug;
		};
		9AFD35CB21512E0400B3165C /* Release */ = {
			isa = XCBuildConfiguration;
			buildSettings = {
				ALWAYS_SEARCH_USER_PATHS = NO;
				CLANG_ANALYZER_NONNULL = YES;
				CLANG_ANALYZER_NUMBER_OBJECT_CONVERSION = YES_AGGRESSIVE;
				CLANG_CXX_LANGUAGE_STANDARD = "gnu++14";
				CLANG_CXX_LIBRARY = "libc++";
				CLANG_ENABLE_MODULES = YES;
				CLANG_ENABLE_OBJC_ARC = YES;
				CLANG_ENABLE_OBJC_WEAK = YES;
				CLANG_WARN_BLOCK_CAPTURE_AUTORELEASING = YES;
				CLANG_WARN_BOOL_CONVERSION = YES;
				CLANG_WARN_COMMA = YES;
				CLANG_WARN_CONSTANT_CONVERSION = YES;
				CLANG_WARN_DEPRECATED_OBJC_IMPLEMENTATIONS = YES;
				CLANG_WARN_DIRECT_OBJC_ISA_USAGE = YES_ERROR;
				CLANG_WARN_DOCUMENTATION_COMMENTS = YES;
				CLANG_WARN_EMPTY_BODY = YES;
				CLANG_WARN_ENUM_CONVERSION = YES;
				CLANG_WARN_INFINITE_RECURSION = YES;
				CLANG_WARN_INT_CONVERSION = YES;
				CLANG_WARN_NON_LITERAL_NULL_CONVERSION = YES;
				CLANG_WARN_OBJC_IMPLICIT_RETAIN_SELF = YES;
				CLANG_WARN_OBJC_LITERAL_CONVERSION = YES;
				CLANG_WARN_OBJC_ROOT_CLASS = YES_ERROR;
				CLANG_WARN_RANGE_LOOP_ANALYSIS = YES;
				CLANG_WARN_STRICT_PROTOTYPES = YES;
				CLANG_WARN_SUSPICIOUS_MOVE = YES;
				CLANG_WARN_UNGUARDED_AVAILABILITY = YES_AGGRESSIVE;
				CLANG_WARN_UNREACHABLE_CODE = YES;
				CLANG_WARN__DUPLICATE_METHOD_MATCH = YES;
				CODE_SIGN_IDENTITY = "iPhone Developer";
				COPY_PHASE_STRIP = NO;
				DEBUG_INFORMATION_FORMAT = "dwarf-with-dsym";
				ENABLE_NS_ASSERTIONS = NO;
				ENABLE_STRICT_OBJC_MSGSEND = YES;
				GCC_C_LANGUAGE_STANDARD = gnu11;
				GCC_NO_COMMON_BLOCKS = YES;
				GCC_WARN_64_TO_32_BIT_CONVERSION = YES;
				GCC_WARN_ABOUT_RETURN_TYPE = YES_ERROR;
				GCC_WARN_UNDECLARED_SELECTOR = YES;
				GCC_WARN_UNINITIALIZED_AUTOS = YES_AGGRESSIVE;
				GCC_WARN_UNUSED_FUNCTION = YES;
				GCC_WARN_UNUSED_VARIABLE = YES;
				IPHONEOS_DEPLOYMENT_TARGET = 11.4;
				MTL_ENABLE_DEBUG_INFO = NO;
				SDKROOT = iphoneos;
				SWIFT_COMPILATION_MODE = wholemodule;
				SWIFT_OPTIMIZATION_LEVEL = "-O";
				VALIDATE_PRODUCT = YES;
			};
			name = Release;
		};
		9AFD35CD21512E0400B3165C /* Debug */ = {
			isa = XCBuildConfiguration;
			baseConfigurationReference = D63C0824442D288A483A838F /* Pods-TheNoticesGuardian.debug.xcconfig */;
			buildSettings = {
				ASSETCATALOG_COMPILER_APPICON_NAME = AppIcon;
				CODE_SIGN_STYLE = Automatic;
				DEVELOPMENT_TEAM = CZHS962VGA;
				INFOPLIST_FILE = TheNoticesGuardian/Info.plist;
				LD_RUNPATH_SEARCH_PATHS = (
					"$(inherited)",
					"@executable_path/Frameworks",
				);
				PRODUCT_BUNDLE_IDENTIFIER = com.stefanini.TheNoticesGuardian;
				PRODUCT_NAME = "$(TARGET_NAME)";
				SWIFT_VERSION = 4.0;
				TARGETED_DEVICE_FAMILY = "1,2";
			};
			name = Debug;
		};
		9AFD35CE21512E0400B3165C /* Release */ = {
			isa = XCBuildConfiguration;
			baseConfigurationReference = BD7403A7BFC9C66BA4131F3A /* Pods-TheNoticesGuardian.release.xcconfig */;
			buildSettings = {
				ASSETCATALOG_COMPILER_APPICON_NAME = AppIcon;
				CODE_SIGN_STYLE = Automatic;
				DEVELOPMENT_TEAM = CZHS962VGA;
				INFOPLIST_FILE = TheNoticesGuardian/Info.plist;
				LD_RUNPATH_SEARCH_PATHS = (
					"$(inherited)",
					"@executable_path/Frameworks",
				);
				PRODUCT_BUNDLE_IDENTIFIER = com.stefanini.TheNoticesGuardian;
				PRODUCT_NAME = "$(TARGET_NAME)";
				SWIFT_VERSION = 4.0;
				TARGETED_DEVICE_FAMILY = "1,2";
			};
			name = Release;
		};
		9AFD35D021512E0400B3165C /* Debug */ = {
			isa = XCBuildConfiguration;
			baseConfigurationReference = D247D8CF7CF6217CE39699DC /* Pods-TheNoticesGuardianTests.debug.xcconfig */;
			buildSettings = {
				ALWAYS_EMBED_SWIFT_STANDARD_LIBRARIES = YES;
				BUNDLE_LOADER = "$(TEST_HOST)";
				CODE_SIGN_STYLE = Automatic;
				DEVELOPMENT_TEAM = CZHS962VGA;
				INFOPLIST_FILE = TheNoticesGuardianTests/Info.plist;
				LD_RUNPATH_SEARCH_PATHS = (
					"$(inherited)",
					"@executable_path/Frameworks",
					"@loader_path/Frameworks",
				);
				PRODUCT_BUNDLE_IDENTIFIER = com.stefanini.TheNoticesGuardianTests;
				PRODUCT_NAME = "$(TARGET_NAME)";
				SWIFT_VERSION = 4.0;
				TARGETED_DEVICE_FAMILY = "1,2";
				TEST_HOST = "$(BUILT_PRODUCTS_DIR)/TheNoticesGuardian.app/TheNoticesGuardian";
			};
			name = Debug;
		};
		9AFD35D121512E0400B3165C /* Release */ = {
			isa = XCBuildConfiguration;
			baseConfigurationReference = CBBBD56EE0A3E2238F47B9CE /* Pods-TheNoticesGuardianTests.release.xcconfig */;
			buildSettings = {
				ALWAYS_EMBED_SWIFT_STANDARD_LIBRARIES = YES;
				BUNDLE_LOADER = "$(TEST_HOST)";
				CODE_SIGN_STYLE = Automatic;
				DEVELOPMENT_TEAM = CZHS962VGA;
				INFOPLIST_FILE = TheNoticesGuardianTests/Info.plist;
				LD_RUNPATH_SEARCH_PATHS = (
					"$(inherited)",
					"@executable_path/Frameworks",
					"@loader_path/Frameworks",
				);
				PRODUCT_BUNDLE_IDENTIFIER = com.stefanini.TheNoticesGuardianTests;
				PRODUCT_NAME = "$(TARGET_NAME)";
				SWIFT_VERSION = 4.0;
				TARGETED_DEVICE_FAMILY = "1,2";
				TEST_HOST = "$(BUILT_PRODUCTS_DIR)/TheNoticesGuardian.app/TheNoticesGuardian";
			};
			name = Release;
		};
		9AFD35D321512E0400B3165C /* Debug */ = {
			isa = XCBuildConfiguration;
			baseConfigurationReference = F62CA7D071312065F6933AFF /* Pods-TheNoticesGuardianUITests.debug.xcconfig */;
			buildSettings = {
				ALWAYS_EMBED_SWIFT_STANDARD_LIBRARIES = YES;
				CODE_SIGN_STYLE = Automatic;
				DEVELOPMENT_TEAM = CZHS962VGA;
				INFOPLIST_FILE = TheNoticesGuardianUITests/Info.plist;
				LD_RUNPATH_SEARCH_PATHS = (
					"$(inherited)",
					"@executable_path/Frameworks",
					"@loader_path/Frameworks",
				);
				PRODUCT_BUNDLE_IDENTIFIER = com.stefanini.TheNoticesGuardianUITests;
				PRODUCT_NAME = "$(TARGET_NAME)";
				SWIFT_VERSION = 4.0;
				TARGETED_DEVICE_FAMILY = "1,2";
				TEST_TARGET_NAME = TheNoticesGuardian;
			};
			name = Debug;
		};
		9AFD35D421512E0400B3165C /* Release */ = {
			isa = XCBuildConfiguration;
			baseConfigurationReference = 5777F4B08C4FBBD9CB632ACF /* Pods-TheNoticesGuardianUITests.release.xcconfig */;
			buildSettings = {
				ALWAYS_EMBED_SWIFT_STANDARD_LIBRARIES = YES;
				CODE_SIGN_STYLE = Automatic;
				DEVELOPMENT_TEAM = CZHS962VGA;
				INFOPLIST_FILE = TheNoticesGuardianUITests/Info.plist;
				LD_RUNPATH_SEARCH_PATHS = (
					"$(inherited)",
					"@executable_path/Frameworks",
					"@loader_path/Frameworks",
				);
				PRODUCT_BUNDLE_IDENTIFIER = com.stefanini.TheNoticesGuardianUITests;
				PRODUCT_NAME = "$(TARGET_NAME)";
				SWIFT_VERSION = 4.0;
				TARGETED_DEVICE_FAMILY = "1,2";
				TEST_TARGET_NAME = TheNoticesGuardian;
			};
			name = Release;
		};
/* End XCBuildConfiguration section */

/* Begin XCConfigurationList section */
		9AFD359F21512E0200B3165C /* Build configuration list for PBXProject "TheNoticesGuardian" */ = {
			isa = XCConfigurationList;
			buildConfigurations = (
				9AFD35CA21512E0400B3165C /* Debug */,
				9AFD35CB21512E0400B3165C /* Release */,
			);
			defaultConfigurationIsVisible = 0;
			defaultConfigurationName = Release;
		};
		9AFD35CC21512E0400B3165C /* Build configuration list for PBXNativeTarget "TheNoticesGuardian" */ = {
			isa = XCConfigurationList;
			buildConfigurations = (
				9AFD35CD21512E0400B3165C /* Debug */,
				9AFD35CE21512E0400B3165C /* Release */,
			);
			defaultConfigurationIsVisible = 0;
			defaultConfigurationName = Release;
		};
		9AFD35CF21512E0400B3165C /* Build configuration list for PBXNativeTarget "TheNoticesGuardianTests" */ = {
			isa = XCConfigurationList;
			buildConfigurations = (
				9AFD35D021512E0400B3165C /* Debug */,
				9AFD35D121512E0400B3165C /* Release */,
			);
			defaultConfigurationIsVisible = 0;
			defaultConfigurationName = Release;
		};
		9AFD35D221512E0400B3165C /* Build configuration list for PBXNativeTarget "TheNoticesGuardianUITests" */ = {
			isa = XCConfigurationList;
			buildConfigurations = (
				9AFD35D321512E0400B3165C /* Debug */,
				9AFD35D421512E0400B3165C /* Release */,
			);
			defaultConfigurationIsVisible = 0;
			defaultConfigurationName = Release;
		};
/* End XCConfigurationList section */
	};
	rootObject = 9AFD359C21512E0200B3165C /* Project object */;
}
