// !$*UTF8*$!
{
	archiveVersion = 1;
	classes = {
	};
	objectVersion = 50;
	objects = {

/* Begin PBXBuildFile section */
		9AFD35A821512E0200B3165C /* AppDelegate.swift in Sources */ = {isa = PBXBuildFile; fileRef = 9AFD35A721512E0200B3165C /* AppDelegate.swift */; };
		9AFD35AA21512E0200B3165C /* ViewController.swift in Sources */ = {isa = PBXBuildFile; fileRef = 9AFD35A921512E0200B3165C /* ViewController.swift */; };
		9AFD35AD21512E0200B3165C /* Main.storyboard in Resources */ = {isa = PBXBuildFile; fileRef = 9AFD35AB21512E0200B3165C /* Main.storyboard */; };
		9AFD35AF21512E0300B3165C /* Assets.xcassets in Resources */ = {isa = PBXBuildFile; fileRef = 9AFD35AE21512E0300B3165C /* Assets.xcassets */; };
		9AFD35B221512E0300B3165C /* LaunchScreen.storyboard in Resources */ = {isa = PBXBuildFile; fileRef = 9AFD35B021512E0300B3165C /* LaunchScreen.storyboard */; };
		9AFD35BD21512E0400B3165C /* TheNoticesGuardianTests.swift in Sources */ = {isa = PBXBuildFile; fileRef = 9AFD35BC21512E0400B3165C /* TheNoticesGuardianTests.swift */; };
		9AFD35C821512E0400B3165C /* TheNoticesGuardianUITests.swift in Sources */ = {isa = PBXBuildFile; fileRef = 9AFD35C721512E0400B3165C /* TheNoticesGuardianUITests.swift */; };
/* End PBXBuildFile section */

/* Begin PBXContainerItemProxy section */
		9AFD35B921512E0400B3165C /* PBXContainerItemProxy */ = {
			isa = PBXContainerItemProxy;
			containerPortal = 9AFD359C21512E0200B3165C /* Project object */;
			proxyType = 1;
			remoteGlobalIDString = 9AFD35A321512E0200B3165C;
			remoteInfo = TheNoticesGuardian;
		};
		9AFD35C421512E0400B3165C /* PBXContainerItemProxy */ = {
			isa = PBXContainerItemProxy;
			containerPortal = 9AFD359C21512E0200B3165C /* Project object */;
			proxyType = 1;
			remoteGlobalIDString = 9AFD35A321512E0200B3165C;
			remoteInfo = TheNoticesGuardian;
		};
/* End PBXContainerItemProxy section */

/* Begin PBXFileReference section */
		9AFD35A421512E0200B3165C /* TheNoticesGuardian.app */ = {isa = PBXFileReference; explicitFileType = wrapper.application; includeInIndex = 0; path = TheNoticesGuardian.app; sourceTree = BUILT_PRODUCTS_DIR; };
		9AFD35A721512E0200B3165C /* AppDelegate.swift */ = {isa = PBXFileReference; lastKnownFileType = sourcecode.swift; path = AppDelegate.swift; sourceTree = "<group>"; };
		9AFD35A921512E0200B3165C /* ViewController.swift */ = {isa = PBXFileReference; lastKnownFileType = sourcecode.swift; path = ViewController.swift; sourceTree = "<group>"; };
		9AFD35AC21512E0200B3165C /* Base */ = {isa = PBXFileReference; lastKnownFileType = file.storyboard; name = Base; path = Base.lproj/Main.storyboard; sourceTree = "<group>"; };
		9AFD35AE21512E0300B3165C /* Assets.xcassets */ = {isa = PBXFileReference; lastKnownFileType = folder.assetcatalog; path = Assets.xcassets; sourceTree = "<group>"; };
		9AFD35B121512E0300B3165C /* Base */ = {isa = PBXFileReference; lastKnownFileType = file.storyboard; name = Base; path = Base.lproj/LaunchScreen.storyboard; sourceTree = "<group>"; };
		9AFD35B321512E0400B3165C /* Info.plist */ = {isa = PBXFileReference; lastKnownFileType = text.plist.xml; path = Info.plist; sourceTree = "<group>"; };
		9AFD35B821512E0400B3165C /* TheNoticesGuardianTests.xctest */ = {isa = PBXFileReference; explicitFileType = wrapper.cfbundle; includeInIndex = 0; path = TheNoticesGuardianTests.xctest; sourceTree = BUILT_PRODUCTS_DIR; };
		9AFD35BC21512E0400B3165C /* TheNoticesGuardianTests.swift */ = {isa = PBXFileReference; lastKnownFileType = sourcecode.swift; path = TheNoticesGuardianTests.swift; sourceTree = "<group>"; };
		9AFD35BE21512E0400B3165C /* Info.plist */ = {isa = PBXFileReference; lastKnownFileType = text.plist.xml; path = Info.plist; sourceTree = "<group>"; };
		9AFD35C321512E0400B3165C /* TheNoticesGuardianUITests.xctest */ = {isa = PBXFileReference; explicitFileType = wrapper.cfbundle; includeInIndex = 0; path = TheNoticesGuardianUITests.xctest; sourceTree = BUILT_PRODUCTS_DIR; };
		9AFD35C721512E0400B3165C /* TheNoticesGuardianUITests.swift */ = {isa = PBXFileReference; lastKnownFileType = sourcecode.swift; path = TheNoticesGuardianUITests.swift; sourceTree = "<group>"; };
		9AFD35C921512E0400B3165C /* Info.plist */ = {isa = PBXFileReference; lastKnownFileType = text.plist.xml; path = Info.plist; sourceTree = "<group>"; };
/* End PBXFileReference section */

/* Begin PBXFrameworksBuildPhase section */
		9AFD35A121512E0200B3165C /* Frameworks */ = {
			isa = PBXFrameworksBuildPhase;
			buildActionMask = 2147483647;
			files = (
			);
			runOnlyForDeploymentPostprocessing = 0;
		};
		9AFD35B521512E0400B3165C /* Frameworks */ = {
			isa = PBXFrameworksBuildPhase;
			buildActionMask = 2147483647;
			files = (
			);
			runOnlyForDeploymentPostprocessing = 0;
		};
		9AFD35C021512E0400B3165C /* Frameworks */ = {
			isa = PBXFrameworksBuildPhase;
			buildActionMask = 2147483647;
			files = (
			);
			runOnlyForDeploymentPostprocessing = 0;
		};
/* End PBXFrameworksBuildPhase section */

/* Begin PBXGroup section */
		9AFD359B21512E0200B3165C = {
			isa = PBXGroup;
			children = (
				9AFD35A621512E0200B3165C /* TheNoticesGuardian */,
				9AFD35BB21512E0400B3165C /* TheNoticesGuardianTests */,
				9AFD35C621512E0400B3165C /* TheNoticesGuardianUITests */,
				9AFD35A521512E0200B3165C /* Products */,
			);
			sourceTree = "<group>";
		};
		9AFD35A521512E0200B3165C /* Products */ = {
			isa = PBXGroup;
			children = (
				9AFD35A421512E0200B3165C /* TheNoticesGuardian.app */,
				9AFD35B821512E0400B3165C /* TheNoticesGuardianTests.xctest */,
				9AFD35C321512E0400B3165C /* TheNoticesGuardianUITests.xctest */,
			);
			name = Products;
			sourceTree = "<group>";
		};
		9AFD35A621512E0200B3165C /* TheNoticesGuardian */ = {
			isa = PBXGroup;
			children = (
				9AFD35A721512E0200B3165C /* AppDelegate.swift */,
				9AFD35A921512E0200B3165C /* ViewController.swift */,
				9AFD35AB21512E0200B3165C /* Main.storyboard */,
				9AFD35AE21512E0300B3165C /* Assets.xcassets */,
				9AFD35B021512E0300B3165C /* LaunchScreen.storyboard */,
				9AFD35B321512E0400B3165C /* Info.plist */,
			);
			path = TheNoticesGuardian;
			sourceTree = "<group>";
		};
		9AFD35BB21512E0400B3165C /* TheNoticesGuardianTests */ = {
			isa = PBXGroup;
			children = (
				9AFD35BC21512E0400B3165C /* TheNoticesGuardianTests.swift */,
				9AFD35BE21512E0400B3165C /* Info.plist */,
			);
			path = TheNoticesGuardianTests;
			sourceTree = "<group>";
		};
		9AFD35C621512E0400B3165C /* TheNoticesGuardianUITests */ = {
			isa = PBXGroup;
			children = (
				9AFD35C721512E0400B3165C /* TheNoticesGuardianUITests.swift */,
				9AFD35C921512E0400B3165C /* Info.plist */,
			);
			path = TheNoticesGuardianUITests;
			sourceTree = "<group>";
		};
/* End PBXGroup section */

/* Begin PBXNativeTarget section */
		9AFD35A321512E0200B3165C /* TheNoticesGuardian */ = {
			isa = PBXNativeTarget;
			buildConfigurationList = 9AFD35CC21512E0400B3165C /* Build configuration list for PBXNativeTarget "TheNoticesGuardian" */;
			buildPhases = (
				9AFD35A021512E0200B3165C /* Sources */,
				9AFD35A121512E0200B3165C /* Frameworks */,
				9AFD35A221512E0200B3165C /* Resources */,
			);
			buildRules = (
			);
			dependencies = (
			);
			name = TheNoticesGuardian;
			productName = TheNoticesGuardian;
			productReference = 9AFD35A421512E0200B3165C /* TheNoticesGuardian.app */;
			productType = "com.apple.product-type.application";
		};
		9AFD35B721512E0400B3165C /* TheNoticesGuardianTests */ = {
			isa = PBXNativeTarget;
			buildConfigurationList = 9AFD35CF21512E0400B3165C /* Build configuration list for PBXNativeTarget "TheNoticesGuardianTests" */;
			buildPhases = (
				9AFD35B421512E0400B3165C /* Sources */,
				9AFD35B521512E0400B3165C /* Frameworks */,
				9AFD35B621512E0400B3165C /* Resources */,
			);
			buildRules = (
			);
			dependencies = (
				9AFD35BA21512E0400B3165C /* PBXTargetDependency */,
			);
			name = TheNoticesGuardianTests;
			productName = TheNoticesGuardianTests;
			productReference = 9AFD35B821512E0400B3165C /* TheNoticesGuardianTests.xctest */;
			productType = "com.apple.product-type.bundle.unit-test";
		};
		9AFD35C221512E0400B3165C /* TheNoticesGuardianUITests */ = {
			isa = PBXNativeTarget;
			buildConfigurationList = 9AFD35D221512E0400B3165C /* Build configuration list for PBXNativeTarget "TheNoticesGuardianUITests" */;
			buildPhases = (
				9AFD35BF21512E0400B3165C /* Sources */,
				9AFD35C021512E0400B3165C /* Frameworks */,
				9AFD35C121512E0400B3165C /* Resources */,
			);
			buildRules = (
			);
			dependencies = (
				9AFD35C521512E0400B3165C /* PBXTargetDependency */,
			);
			name = TheNoticesGuardianUITests;
			productName = TheNoticesGuardianUITests;
			productReference = 9AFD35C321512E0400B3165C /* TheNoticesGuardianUITests.xctest */;
			productType = "com.apple.product-type.bundle.ui-testing";
		};
/* End PBXNativeTarget section */

/* Begin PBXProject section */
		9AFD359C21512E0200B3165C /* Project object */ = {
			isa = PBXProject;
			attributes = {
				LastSwiftUpdateCheck = 0940;
				LastUpgradeCheck = 0940;
				ORGANIZATIONNAME = Stefanini;
				TargetAttributes = {
					9AFD35A321512E0200B3165C = {
						CreatedOnToolsVersion = 9.4.1;
					};
					9AFD35B721512E0400B3165C = {
						CreatedOnToolsVersion = 9.4.1;
						TestTargetID = 9AFD35A321512E0200B3165C;
					};
					9AFD35C221512E0400B3165C = {
						CreatedOnToolsVersion = 9.4.1;
						TestTargetID = 9AFD35A321512E0200B3165C;
					};
				};
			};
			buildConfigurationList = 9AFD359F21512E0200B3165C /* Build configuration list for PBXProject "TheNoticesGuardian" */;
			compatibilityVersion = "Xcode 9.3";
			developmentRegion = en;
			hasScannedForEncodings = 0;
			knownRegions = (
				en,
				Base,
			);
			mainGroup = 9AFD359B21512E0200B3165C;
			productRefGroup = 9AFD35A521512E0200B3165C /* Products */;
			projectDirPath = "";
			projectRoot = "";
			targets = (
				9AFD35A321512E0200B3165C /* TheNoticesGuardian */,
				9AFD35B721512E0400B3165C /* TheNoticesGuardianTests */,
				9AFD35C221512E0400B3165C /* TheNoticesGuardianUITests */,
			);
		};
/* End PBXProject section */

/* Begin PBXResourcesBuildPhase section */
		9AFD35A221512E0200B3165C /* Resources */ = {
			isa = PBXResourcesBuildPhase;
			buildActionMask = 2147483647;
			files = (
				9AFD35B221512E0300B3165C /* LaunchScreen.storyboard in Resources */,
				9AFD35AF21512E0300B3165C /* Assets.xcassets in Resources */,
				9AFD35AD21512E0200B3165C /* Main.storyboard in Resources */,
			);
			runOnlyForDeploymentPostprocessing = 0;
		};
		9AFD35B621512E0400B3165C /* Resources */ = {
			isa = PBXResourcesBuildPhase;
			buildActionMask = 2147483647;
			files = (
			);
			runOnlyForDeploymentPostprocessing = 0;
		};
		9AFD35C121512E0400B3165C /* Resources */ = {
			isa = PBXResourcesBuildPhase;
			buildActionMask = 2147483647;
			files = (
			);
			runOnlyForDeploymentPostprocessing = 0;
		};
/* End PBXResourcesBuildPhase section */

/* Begin PBXSourcesBuildPhase section */
		9AFD35A021512E0200B3165C /* Sources */ = {
			isa = PBXSourcesBuildPhase;
			buildActionMask = 2147483647;
			files = (
				9AFD35AA21512E0200B3165C /* ViewController.swift in Sources */,
				9AFD35A821512E0200B3165C /* AppDelegate.swift in Sources */,
			);
			runOnlyForDeploymentPostprocessing = 0;
		};
		9AFD35B421512E0400B3165C /* Sources */ = {
			isa = PBXSourcesBuildPhase;
			buildActionMask = 2147483647;
			files = (
				9AFD35BD21512E0400B3165C /* TheNoticesGuardianTests.swift in Sources */,
			);
			runOnlyForDeploymentPostprocessing = 0;
		};
		9AFD35BF21512E0400B3165C /* Sources */ = {
			isa = PBXSourcesBuildPhase;
			buildActionMask = 2147483647;
			files = (
				9AFD35C821512E0400B3165C /* TheNoticesGuardianUITests.swift in Sources */,
			);
			runOnlyForDeploymentPostprocessing = 0;
		};
/* End PBXSourcesBuildPhase section */

/* Begin PBXTargetDependency section */
		9AFD35BA21512E0400B3165C /* PBXTargetDependency */ = {
			isa = PBXTargetDependency;
			target = 9AFD35A321512E0200B3165C /* TheNoticesGuardian */;
			targetProxy = 9AFD35B921512E0400B3165C /* PBXContainerItemProxy */;
		};
		9AFD35C521512E0400B3165C /* PBXTargetDependency */ = {
			isa = PBXTargetDependency;
			target = 9AFD35A321512E0200B3165C /* TheNoticesGuardian */;
			targetProxy = 9AFD35C421512E0400B3165C /* PBXContainerItemProxy */;
		};
/* End PBXTargetDependency section */

/* Begin PBXVariantGroup section */
		9AFD35AB21512E0200B3165C /* Main.storyboard */ = {
			isa = PBXVariantGroup;
			children = (
				9AFD35AC21512E0200B3165C /* Base */,
			);
			name = Main.storyboard;
			sourceTree = "<group>";
		};
		9AFD35B021512E0300B3165C /* LaunchScreen.storyboard */ = {
			isa = PBXVariantGroup;
			children = (
				9AFD35B121512E0300B3165C /* Base */,
			);
			name = LaunchScreen.storyboard;
			sourceTree = "<group>";
		};
/* End PBXVariantGroup section */

/* Begin XCBuildConfiguration section */
		9AFD35CA21512E0400B3165C /* Debug */ = {
			isa = XCBuildConfiguration;
			buildSettings = {
				ALWAYS_SEARCH_USER_PATHS = NO;
				CLANG_ANALYZER_NONNULL = YES;
				CLANG_ANALYZER_NUMBER_OBJECT_CONVERSION = YES_AGGRESSIVE;
				CLANG_CXX_LANGUAGE_STANDARD = "gnu++14";
				CLANG_CXX_LIBRARY = "libc++";
				CLANG_ENABLE_MODULES = YES;
				CLANG_ENABLE_OBJC_ARC = YES;
				CLANG_ENABLE_OBJC_WEAK = YES;
				CLANG_WARN_BLOCK_CAPTURE_AUTORELEASING = YES;
				CLANG_WARN_BOOL_CONVERSION = YES;
				CLANG_WARN_COMMA = YES;
				CLANG_WARN_CONSTANT_CONVERSION = YES;
				CLANG_WARN_DEPRECATED_OBJC_IMPLEMENTATIONS = YES;
				CLANG_WARN_DIRECT_OBJC_ISA_USAGE = YES_ERROR;
				CLANG_WARN_DOCUMENTATION_COMMENTS = YES;
				CLANG_WARN_EMPTY_BODY = YES;
				CLANG_WARN_ENUM_CONVERSION = YES;
				CLANG_WARN_INFINITE_RECURSION = YES;
				CLANG_WARN_INT_CONVERSION = YES;
				CLANG_WARN_NON_LITERAL_NULL_CONVERSION = YES;
				CLANG_WARN_OBJC_IMPLICIT_RETAIN_SELF = YES;
				CLANG_WARN_OBJC_LITERAL_CONVERSION = YES;
				CLANG_WARN_OBJC_ROOT_CLASS = YES_ERROR;
				CLANG_WARN_RANGE_LOOP_ANALYSIS = YES;
				CLANG_WARN_STRICT_PROTOTYPES = YES;
				CLANG_WARN_SUSPICIOUS_MOVE = YES;
				CLANG_WARN_UNGUARDED_AVAILABILITY = YES_AGGRESSIVE;
				CLANG_WARN_UNREACHABLE_CODE = YES;
				CLANG_WARN__DUPLICATE_METHOD_MATCH = YES;
				CODE_SIGN_IDENTITY = "iPhone Developer";
				COPY_PHASE_STRIP = NO;
				DEBUG_INFORMATION_FORMAT = dwarf;
				ENABLE_STRICT_OBJC_MSGSEND = YES;
				ENABLE_TESTABILITY = YES;
				GCC_C_LANGUAGE_STANDARD = gnu11;
				GCC_DYNAMIC_NO_PIC = NO;
				GCC_NO_COMMON_BLOCKS = YES;
				GCC_OPTIMIZATION_LEVEL = 0;
				GCC_PREPROCESSOR_DEFINITIONS = (
					"DEBUG=1",
					"$(inherited)",
				);
				GCC_WARN_64_TO_32_BIT_CONVERSION = YES;
				GCC_WARN_ABOUT_RETURN_TYPE = YES_ERROR;
				GCC_WARN_UNDECLARED_SELECTOR = YES;
				GCC_WARN_UNINITIALIZED_AUTOS = YES_AGGRESSIVE;
				GCC_WARN_UNUSED_FUNCTION = YES;
				GCC_WARN_UNUSED_VARIABLE = YES;
				IPHONEOS_DEPLOYMENT_TARGET = 11.4;
				MTL_ENABLE_DEBUG_INFO = YES;
				ONLY_ACTIVE_ARCH = YES;
				SDKROOT = iphoneos;
				SWIFT_ACTIVE_COMPILATION_CONDITIONS = DEBUG;
				SWIFT_OPTIMIZATION_LEVEL = "-Onone";
			};
			name = Debug;
		};
		9AFD35CB21512E0400B3165C /* Release */ = {
			isa = XCBuildConfiguration;
			buildSettings = {
				ALWAYS_SEARCH_USER_PATHS = NO;
				CLANG_ANALYZER_NONNULL = YES;
				CLANG_ANALYZER_NUMBER_OBJECT_CONVERSION = YES_AGGRESSIVE;
				CLANG_CXX_LANGUAGE_STANDARD = "gnu++14";
				CLANG_CXX_LIBRARY = "libc++";
				CLANG_ENABLE_MODULES = YES;
				CLANG_ENABLE_OBJC_ARC = YES;
				CLANG_ENABLE_OBJC_WEAK = YES;
				CLANG_WARN_BLOCK_CAPTURE_AUTORELEASING = YES;
				CLANG_WARN_BOOL_CONVERSION = YES;
				CLANG_WARN_COMMA = YES;
				CLANG_WARN_CONSTANT_CONVERSION = YES;
				CLANG_WARN_DEPRECATED_OBJC_IMPLEMENTATIONS = YES;
				CLANG_WARN_DIRECT_OBJC_ISA_USAGE = YES_ERROR;
				CLANG_WARN_DOCUMENTATION_COMMENTS = YES;
				CLANG_WARN_EMPTY_BODY = YES;
				CLANG_WARN_ENUM_CONVERSION = YES;
				CLANG_WARN_INFINITE_RECURSION = YES;
				CLANG_WARN_INT_CONVERSION = YES;
				CLANG_WARN_NON_LITERAL_NULL_CONVERSION = YES;
				CLANG_WARN_OBJC_IMPLICIT_RETAIN_SELF = YES;
				CLANG_WARN_OBJC_LITERAL_CONVERSION = YES;
				CLANG_WARN_OBJC_ROOT_CLASS = YES_ERROR;
				CLANG_WARN_RANGE_LOOP_ANALYSIS = YES;
				CLANG_WARN_STRICT_PROTOTYPES = YES;
				CLANG_WARN_SUSPICIOUS_MOVE = YES;
				CLANG_WARN_UNGUARDED_AVAILABILITY = YES_AGGRESSIVE;
				CLANG_WARN_UNREACHABLE_CODE = YES;
				CLANG_WARN__DUPLICATE_METHOD_MATCH = YES;
				CODE_SIGN_IDENTITY = "iPhone Developer";
				COPY_PHASE_STRIP = NO;
				DEBUG_INFORMATION_FORMAT = "dwarf-with-dsym";
				ENABLE_NS_ASSERTIONS = NO;
				ENABLE_STRICT_OBJC_MSGSEND = YES;
				GCC_C_LANGUAGE_STANDARD = gnu11;
				GCC_NO_COMMON_BLOCKS = YES;
				GCC_WARN_64_TO_32_BIT_CONVERSION = YES;
				GCC_WARN_ABOUT_RETURN_TYPE = YES_ERROR;
				GCC_WARN_UNDECLARED_SELECTOR = YES;
				GCC_WARN_UNINITIALIZED_AUTOS = YES_AGGRESSIVE;
				GCC_WARN_UNUSED_FUNCTION = YES;
				GCC_WARN_UNUSED_VARIABLE = YES;
				IPHONEOS_DEPLOYMENT_TARGET = 11.4;
				MTL_ENABLE_DEBUG_INFO = NO;
				SDKROOT = iphoneos;
				SWIFT_COMPILATION_MODE = wholemodule;
				SWIFT_OPTIMIZATION_LEVEL = "-O";
				VALIDATE_PRODUCT = YES;
			};
			name = Release;
		};
		9AFD35CD21512E0400B3165C /* Debug */ = {
			isa = XCBuildConfiguration;
			buildSettings = {
				ASSETCATALOG_COMPILER_APPICON_NAME = AppIcon;
				CODE_SIGN_STYLE = Automatic;
				DEVELOPMENT_TEAM = CZHS962VGA;
				INFOPLIST_FILE = TheNoticesGuardian/Info.plist;
				LD_RUNPATH_SEARCH_PATHS = (
					"$(inherited)",
					"@executable_path/Frameworks",
				);
				PRODUCT_BUNDLE_IDENTIFIER = com.stefanini.TheNoticesGuardian;
				PRODUCT_NAME = "$(TARGET_NAME)";
				SWIFT_VERSION = 4.0;
				TARGETED_DEVICE_FAMILY = "1,2";
			};
			name = Debug;
		};
		9AFD35CE21512E0400B3165C /* Release */ = {
			isa = XCBuildConfiguration;
			buildSettings = {
				ASSETCATALOG_COMPILER_APPICON_NAME = AppIcon;
				CODE_SIGN_STYLE = Automatic;
				DEVELOPMENT_TEAM = CZHS962VGA;
				INFOPLIST_FILE = TheNoticesGuardian/Info.plist;
				LD_RUNPATH_SEARCH_PATHS = (
					"$(inherited)",
					"@executable_path/Frameworks",
				);
				PRODUCT_BUNDLE_IDENTIFIER = com.stefanini.TheNoticesGuardian;
				PRODUCT_NAME = "$(TARGET_NAME)";
				SWIFT_VERSION = 4.0;
				TARGETED_DEVICE_FAMILY = "1,2";
			};
			name = Release;
		};
		9AFD35D021512E0400B3165C /* Debug */ = {
			isa = XCBuildConfiguration;
			buildSettings = {
				ALWAYS_EMBED_SWIFT_STANDARD_LIBRARIES = YES;
				BUNDLE_LOADER = "$(TEST_HOST)";
				CODE_SIGN_STYLE = Automatic;
				DEVELOPMENT_TEAM = CZHS962VGA;
				INFOPLIST_FILE = TheNoticesGuardianTests/Info.plist;
				LD_RUNPATH_SEARCH_PATHS = (
					"$(inherited)",
					"@executable_path/Frameworks",
					"@loader_path/Frameworks",
				);
				PRODUCT_BUNDLE_IDENTIFIER = com.stefanini.TheNoticesGuardianTests;
				PRODUCT_NAME = "$(TARGET_NAME)";
				SWIFT_VERSION = 4.0;
				TARGETED_DEVICE_FAMILY = "1,2";
				TEST_HOST = "$(BUILT_PRODUCTS_DIR)/TheNoticesGuardian.app/TheNoticesGuardian";
			};
			name = Debug;
		};
		9AFD35D121512E0400B3165C /* Release */ = {
			isa = XCBuildConfiguration;
			buildSettings = {
				ALWAYS_EMBED_SWIFT_STANDARD_LIBRARIES = YES;
				BUNDLE_LOADER = "$(TEST_HOST)";
				CODE_SIGN_STYLE = Automatic;
				DEVELOPMENT_TEAM = CZHS962VGA;
				INFOPLIST_FILE = TheNoticesGuardianTests/Info.plist;
				LD_RUNPATH_SEARCH_PATHS = (
					"$(inherited)",
					"@executable_path/Frameworks",
					"@loader_path/Frameworks",
				);
				PRODUCT_BUNDLE_IDENTIFIER = com.stefanini.TheNoticesGuardianTests;
				PRODUCT_NAME = "$(TARGET_NAME)";
				SWIFT_VERSION = 4.0;
				TARGETED_DEVICE_FAMILY = "1,2";
				TEST_HOST = "$(BUILT_PRODUCTS_DIR)/TheNoticesGuardian.app/TheNoticesGuardian";
			};
			name = Release;
		};
		9AFD35D321512E0400B3165C /* Debug */ = {
			isa = XCBuildConfiguration;
			buildSettings = {
				ALWAYS_EMBED_SWIFT_STANDARD_LIBRARIES = YES;
				CODE_SIGN_STYLE = Automatic;
				DEVELOPMENT_TEAM = CZHS962VGA;
				INFOPLIST_FILE = TheNoticesGuardianUITests/Info.plist;
				LD_RUNPATH_SEARCH_PATHS = (
					"$(inherited)",
					"@executable_path/Frameworks",
					"@loader_path/Frameworks",
				);
				PRODUCT_BUNDLE_IDENTIFIER = com.stefanini.TheNoticesGuardianUITests;
				PRODUCT_NAME = "$(TARGET_NAME)";
				SWIFT_VERSION = 4.0;
				TARGETED_DEVICE_FAMILY = "1,2";
				TEST_TARGET_NAME = TheNoticesGuardian;
			};
			name = Debug;
		};
		9AFD35D421512E0400B3165C /* Release */ = {
			isa = XCBuildConfiguration;
			buildSettings = {
				ALWAYS_EMBED_SWIFT_STANDARD_LIBRARIES = YES;
				CODE_SIGN_STYLE = Automatic;
				DEVELOPMENT_TEAM = CZHS962VGA;
				INFOPLIST_FILE = TheNoticesGuardianUITests/Info.plist;
				LD_RUNPATH_SEARCH_PATHS = (
					"$(inherited)",
					"@executable_path/Frameworks",
					"@loader_path/Frameworks",
				);
				PRODUCT_BUNDLE_IDENTIFIER = com.stefanini.TheNoticesGuardianUITests;
				PRODUCT_NAME = "$(TARGET_NAME)";
				SWIFT_VERSION = 4.0;
				TARGETED_DEVICE_FAMILY = "1,2";
				TEST_TARGET_NAME = TheNoticesGuardian;
			};
			name = Release;
		};
/* End XCBuildConfiguration section */

/* Begin XCConfigurationList section */
		9AFD359F21512E0200B3165C /* Build configuration list for PBXProject "TheNoticesGuardian" */ = {
			isa = XCConfigurationList;
			buildConfigurations = (
				9AFD35CA21512E0400B3165C /* Debug */,
				9AFD35CB21512E0400B3165C /* Release */,
			);
			defaultConfigurationIsVisible = 0;
			defaultConfigurationName = Release;
		};
		9AFD35CC21512E0400B3165C /* Build configuration list for PBXNativeTarget "TheNoticesGuardian" */ = {
			isa = XCConfigurationList;
			buildConfigurations = (
				9AFD35CD21512E0400B3165C /* Debug */,
				9AFD35CE21512E0400B3165C /* Release */,
			);
			defaultConfigurationIsVisible = 0;
			defaultConfigurationName = Release;
		};
		9AFD35CF21512E0400B3165C /* Build configuration list for PBXNativeTarget "TheNoticesGuardianTests" */ = {
			isa = XCConfigurationList;
			buildConfigurations = (
				9AFD35D021512E0400B3165C /* Debug */,
				9AFD35D121512E0400B3165C /* Release */,
			);
			defaultConfigurationIsVisible = 0;
			defaultConfigurationName = Release;
		};
		9AFD35D221512E0400B3165C /* Build configuration list for PBXNativeTarget "TheNoticesGuardianUITests" */ = {
			isa = XCConfigurationList;
			buildConfigurations = (
				9AFD35D321512E0400B3165C /* Debug */,
				9AFD35D421512E0400B3165C /* Release */,
			);
			defaultConfigurationIsVisible = 0;
			defaultConfigurationName = Release;
		};
/* End XCConfigurationList section */
	};
	rootObject = 9AFD359C21512E0200B3165C /* Project object */;
}
